
Microsoft Visual Studio Solution File, Format Version 12.00
# Visual Studio Version 17
VisualStudioVersion = 17.6.33723.286
MinimumVisualStudioVersion = 10.0.40219.1
Project("{FAE04EC0-301F-11D3-BF4B-00C04F79EFBC}") = "c#_z8_webAPI", "c#_z8_webAPI.csproj", "{E7A6FAA8-E869-4117-A6C3-6C27B082CE48}"
EndProject
Global
	GlobalSection(SolutionConfigurationPlatforms) = preSolution
		Debug|Any CPU = Debug|Any CPU
		Release|Any CPU = Release|Any CPU
	EndGlobalSection
	GlobalSection(ProjectConfigurationPlatforms) = postSolution
		{E7A6FAA8-E869-4117-A6C3-6C27B082CE48}.Debug|Any CPU.ActiveCfg = Debug|Any CPU
		{E7A6FAA8-E869-4117-A6C3-6C27B082CE48}.Debug|Any CPU.Build.0 = Debug|Any CPU
		{E7A6FAA8-E869-4117-A6C3-6C27B082CE48}.Release|Any CPU.ActiveCfg = Release|Any CPU
		{E7A6FAA8-E869-4117-A6C3-6C27B082CE48}.Release|Any CPU.Build.0 = Release|Any CPU
	EndGlobalSection
	GlobalSection(SolutionProperties) = preSolution
		HideSolutionNode = FALSE
	EndGlobalSection
	GlobalSection(ExtensibilityGlobals) = postSolution
		SolutionGuid = {0DC6673A-1003-4CD5-9539-5C471AF2F009}
	EndGlobalSection
EndGlobal
